// !$*UTF8*$!
{
	archiveVersion = 1;
	classes = {
	};
	objectVersion = 50;
	objects = {

/* Begin PBXBuildFile section */
		BDAE8A51218D9A2900676DFA /* AppDelegate.swift in Sources */ = {isa = PBXBuildFile; fileRef = BDAE8A50218D9A2900676DFA /* AppDelegate.swift */; };
		BDAE8A53218D9A2900676DFA /* ViewController.swift in Sources */ = {isa = PBXBuildFile; fileRef = BDAE8A52218D9A2900676DFA /* ViewController.swift */; };
		BDAE8A56218D9A2900676DFA /* Main.storyboard in Resources */ = {isa = PBXBuildFile; fileRef = BDAE8A54218D9A2900676DFA /* Main.storyboard */; };
		BDAE8A59218D9A2900676DFA /* CoreDataDemo.xcdatamodeld in Sources */ = {isa = PBXBuildFile; fileRef = BDAE8A57218D9A2900676DFA /* CoreDataDemo.xcdatamodeld */; };
		BDAE8A5B218D9A2A00676DFA /* Assets.xcassets in Resources */ = {isa = PBXBuildFile; fileRef = BDAE8A5A218D9A2A00676DFA /* Assets.xcassets */; };
		BDAE8A5E218D9A2A00676DFA /* LaunchScreen.storyboard in Resources */ = {isa = PBXBuildFile; fileRef = BDAE8A5C218D9A2A00676DFA /* LaunchScreen.storyboard */; };
		BDAE8A67218DA48500676DFA /* Student+CoreDataClass.swift in Sources */ = {isa = PBXBuildFile; fileRef = BDAE8A65218DA48500676DFA /* Student+CoreDataClass.swift */; };
		BDAE8A68218DA48500676DFA /* Student+CoreDataProperties.swift in Sources */ = {isa = PBXBuildFile; fileRef = BDAE8A66218DA48500676DFA /* Student+CoreDataProperties.swift */; };
		BDAE8A6B218DA7ED00676DFA /* CoreData.framework in Frameworks */ = {isa = PBXBuildFile; fileRef = BDAE8A6A218DA7ED00676DFA /* CoreData.framework */; };
/* End PBXBuildFile section */

/* Begin PBXFileReference section */
		BDAE8A4D218D9A2900676DFA /* CoreDataDemo.app */ = {isa = PBXFileReference; explicitFileType = wrapper.application; includeInIndex = 0; path = CoreDataDemo.app; sourceTree = BUILT_PRODUCTS_DIR; };
		BDAE8A50218D9A2900676DFA /* AppDelegate.swift */ = {isa = PBXFileReference; lastKnownFileType = sourcecode.swift; path = AppDelegate.swift; sourceTree = "<group>"; };
		BDAE8A52218D9A2900676DFA /* ViewController.swift */ = {isa = PBXFileReference; lastKnownFileType = sourcecode.swift; path = ViewController.swift; sourceTree = "<group>"; };
		BDAE8A55218D9A2900676DFA /* Base */ = {isa = PBXFileReference; lastKnownFileType = file.storyboard; name = Base; path = Base.lproj/Main.storyboard; sourceTree = "<group>"; };
		BDAE8A58218D9A2900676DFA /* CoreDataDemo.xcdatamodel */ = {isa = PBXFileReference; lastKnownFileType = wrapper.xcdatamodel; path = CoreDataDemo.xcdatamodel; sourceTree = "<group>"; };
		BDAE8A5A218D9A2A00676DFA /* Assets.xcassets */ = {isa = PBXFileReference; lastKnownFileType = folder.assetcatalog; path = Assets.xcassets; sourceTree = "<group>"; };
		BDAE8A5D218D9A2A00676DFA /* Base */ = {isa = PBXFileReference; lastKnownFileType = file.storyboard; name = Base; path = Base.lproj/LaunchScreen.storyboard; sourceTree = "<group>"; };
		BDAE8A5F218D9A2A00676DFA /* Info.plist */ = {isa = PBXFileReference; lastKnownFileType = text.plist.xml; path = Info.plist; sourceTree = "<group>"; };
		BDAE8A65218DA48500676DFA /* Student+CoreDataClass.swift */ = {isa = PBXFileReference; lastKnownFileType = sourcecode.swift; path = "Student+CoreDataClass.swift"; sourceTree = "<group>"; };
		BDAE8A66218DA48500676DFA /* Student+CoreDataProperties.swift */ = {isa = PBXFileReference; lastKnownFileType = sourcecode.swift; path = "Student+CoreDataProperties.swift"; sourceTree = "<group>"; };
		BDAE8A6A218DA7ED00676DFA /* CoreData.framework */ = {isa = PBXFileReference; lastKnownFileType = wrapper.framework; name = CoreData.framework; path = System/Library/Frameworks/CoreData.framework; sourceTree = SDKROOT; };
/* End PBXFileReference section */

/* Begin PBXFrameworksBuildPhase section */
		BDAE8A4A218D9A2800676DFA /* Frameworks */ = {
			isa = PBXFrameworksBuildPhase;
			buildActionMask = 2147483647;
			files = (
				BDAE8A6B218DA7ED00676DFA /* CoreData.framework in Frameworks */,
			);
			runOnlyForDeploymentPostprocessing = 0;
		};
/* End PBXFrameworksBuildPhase section */

/* Begin PBXGroup section */
		BDAE8A44218D9A2800676DFA = {
			isa = PBXGroup;
			children = (
				BDAE8A4F218D9A2900676DFA /* CoreDataDemo */,
				BDAE8A4E218D9A2900676DFA /* Products */,
				BDAE8A69218DA7ED00676DFA /* Frameworks */,
			);
			sourceTree = "<group>";
		};
		BDAE8A4E218D9A2900676DFA /* Products */ = {
			isa = PBXGroup;
			children = (
				BDAE8A4D218D9A2900676DFA /* CoreDataDemo.app */,
			);
			name = Products;
			sourceTree = "<group>";
		};
		BDAE8A4F218D9A2900676DFA /* CoreDataDemo */ = {
			isa = PBXGroup;
			children = (
				BDAE8A65218DA48500676DFA /* Student+CoreDataClass.swift */,
				BDAE8A66218DA48500676DFA /* Student+CoreDataProperties.swift */,
				BDAE8A50218D9A2900676DFA /* AppDelegate.swift */,
				BDAE8A52218D9A2900676DFA /* ViewController.swift */,
				BDAE8A54218D9A2900676DFA /* Main.storyboard */,
				BDAE8A5A218D9A2A00676DFA /* Assets.xcassets */,
				BDAE8A5C218D9A2A00676DFA /* LaunchScreen.storyboard */,
				BDAE8A5F218D9A2A00676DFA /* Info.plist */,
				BDAE8A57218D9A2900676DFA /* CoreDataDemo.xcdatamodeld */,
			);
			path = CoreDataDemo;
			sourceTree = "<group>";
		};
		BDAE8A69218DA7ED00676DFA /* Frameworks */ = {
			isa = PBXGroup;
			children = (
				BDAE8A6A218DA7ED00676DFA /* CoreData.framework */,
			);
			name = Frameworks;
			sourceTree = "<group>";
		};
/* End PBXGroup section */

/* Begin PBXNativeTarget section */
		BDAE8A4C218D9A2800676DFA /* CoreDataDemo */ = {
			isa = PBXNativeTarget;
			buildConfigurationList = BDAE8A62218D9A2A00676DFA /* Build configuration list for PBXNativeTarget "CoreDataDemo" */;
			buildPhases = (
				BDAE8A49218D9A2800676DFA /* Sources */,
				BDAE8A4A218D9A2800676DFA /* Frameworks */,
				BDAE8A4B218D9A2800676DFA /* Resources */,
			);
			buildRules = (
			);
			dependencies = (
			);
			name = CoreDataDemo;
			productName = CoreDataDemo;
			productReference = BDAE8A4D218D9A2900676DFA /* CoreDataDemo.app */;
			productType = "com.apple.product-type.application";
		};
/* End PBXNativeTarget section */

/* Begin PBXProject section */
		BDAE8A45218D9A2800676DFA /* Project object */ = {
			isa = PBXProject;
			attributes = {
				LastSwiftUpdateCheck = 1000;
				LastUpgradeCheck = 1000;
				ORGANIZATIONNAME = "Manish Sharma";
				TargetAttributes = {
					BDAE8A4C218D9A2800676DFA = {
						CreatedOnToolsVersion = 10.0;
					};
				};
			};
			buildConfigurationList = BDAE8A48218D9A2800676DFA /* Build configuration list for PBXProject "CoreDataDemo" */;
			compatibilityVersion = "Xcode 9.3";
			developmentRegion = en;
			hasScannedForEncodings = 0;
			knownRegions = (
				en,
				Base,
			);
			mainGroup = BDAE8A44218D9A2800676DFA;
			productRefGroup = BDAE8A4E218D9A2900676DFA /* Products */;
			projectDirPath = "";
			projectRoot = "";
			targets = (
				BDAE8A4C218D9A2800676DFA /* CoreDataDemo */,
			);
		};
/* End PBXProject section */

/* Begin PBXResourcesBuildPhase section */
		BDAE8A4B218D9A2800676DFA /* Resources */ = {
			isa = PBXResourcesBuildPhase;
			buildActionMask = 2147483647;
			files = (
				BDAE8A5E218D9A2A00676DFA /* LaunchScreen.storyboard in Resources */,
				BDAE8A5B218D9A2A00676DFA /* Assets.xcassets in Resources */,
				BDAE8A56218D9A2900676DFA /* Main.storyboard in Resources */,
			);
			runOnlyForDeploymentPostprocessing = 0;
		};
/* End PBXResourcesBuildPhase section */

/* Begin PBXSourcesBuildPhase section */
		BDAE8A49218D9A2800676DFA /* Sources */ = {
			isa = PBXSourcesBuildPhase;
			buildActionMask = 2147483647;
			files = (
				BDAE8A53218D9A2900676DFA /* ViewController.swift in Sources */,
				BDAE8A67218DA48500676DFA /* Student+CoreDataClass.swift in Sources */,
				BDAE8A59218D9A2900676DFA /* CoreDataDemo.xcdatamodeld in Sources */,
				BDAE8A51218D9A2900676DFA /* AppDelegate.swift in Sources */,
				BDAE8A68218DA48500676DFA /* Student+CoreDataProperties.swift in Sources */,
			);
			runOnlyForDeploymentPostprocessing = 0;
		};
/* End PBXSourcesBuildPhase section */

/* Begin PBXVariantGroup section */
		BDAE8A54218D9A2900676DFA /* Main.storyboard */ = {
			isa = PBXVariantGroup;
			children = (
				BDAE8A55218D9A2900676DFA /* Base */,
			);
			name = Main.storyboard;
			sourceTree = "<group>";
		};
		BDAE8A5C218D9A2A00676DFA /* LaunchScreen.storyboard */ = {
			isa = PBXVariantGroup;
			children = (
				BDAE8A5D218D9A2A00676DFA /* Base */,
			);
			name = LaunchScreen.storyboard;
			sourceTree = "<group>";
		};
/* End PBXVariantGroup section */

/* Begin XCBuildConfiguration section */
		BDAE8A60218D9A2A00676DFA /* Debug */ = {
			isa = XCBuildConfiguration;
			buildSettings = {
				ALWAYS_SEARCH_USER_PATHS = NO;
				CLANG_ANALYZER_NONNULL = YES;
				CLANG_ANALYZER_NUMBER_OBJECT_CONVERSION = YES_AGGRESSIVE;
				CLANG_CXX_LANGUAGE_STANDARD = "gnu++14";
				CLANG_CXX_LIBRARY = "libc++";
				CLANG_ENABLE_MODULES = YES;
				CLANG_ENABLE_OBJC_ARC = YES;
				CLANG_ENABLE_OBJC_WEAK = YES;
				CLANG_WARN_BLOCK_CAPTURE_AUTORELEASING = YES;
				CLANG_WARN_BOOL_CONVERSION = YES;
				CLANG_WARN_COMMA = YES;
				CLANG_WARN_CONSTANT_CONVERSION = YES;
				CLANG_WARN_DEPRECATED_OBJC_IMPLEMENTATIONS = YES;
				CLANG_WARN_DIRECT_OBJC_ISA_USAGE = YES_ERROR;
				CLANG_WARN_DOCUMENTATION_COMMENTS = YES;
				CLANG_WARN_EMPTY_BODY = YES;
				CLANG_WARN_ENUM_CONVERSION = YES;
				CLANG_WARN_INFINITE_RECURSION = YES;
				CLANG_WARN_INT_CONVERSION = YES;
				CLANG_WARN_NON_LITERAL_NULL_CONVERSION = YES;
				CLANG_WARN_OBJC_IMPLICIT_RETAIN_SELF = YES;
				CLANG_WARN_OBJC_LITERAL_CONVERSION = YES;
				CLANG_WARN_OBJC_ROOT_CLASS = YES_ERROR;
				CLANG_WARN_RANGE_LOOP_ANALYSIS = YES;
				CLANG_WARN_STRICT_PROTOTYPES = YES;
				CLANG_WARN_SUSPICIOUS_MOVE = YES;
				CLANG_WARN_UNGUARDED_AVAILABILITY = YES_AGGRESSIVE;
				CLANG_WARN_UNREACHABLE_CODE = YES;
				CLANG_WARN__DUPLICATE_METHOD_MATCH = YES;
				CODE_SIGN_IDENTITY = "iPhone Developer";
				COPY_PHASE_STRIP = NO;
				DEBUG_INFORMATION_FORMAT = dwarf;
				ENABLE_STRICT_OBJC_MSGSEND = YES;
				ENABLE_TESTABILITY = YES;
				GCC_C_LANGUAGE_STANDARD = gnu11;
				GCC_DYNAMIC_NO_PIC = NO;
				GCC_NO_COMMON_BLOCKS = YES;
				GCC_OPTIMIZATION_LEVEL = 0;
				GCC_PREPROCESSOR_DEFINITIONS = (
					"DEBUG=1",
					"$(inherited)",
				);
				GCC_WARN_64_TO_32_BIT_CONVERSION = YES;
				GCC_WARN_ABOUT_RETURN_TYPE = YES_ERROR;
				GCC_WARN_UNDECLARED_SELECTOR = YES;
				GCC_WARN_UNINITIALIZED_AUTOS = YES_AGGRESSIVE;
				GCC_WARN_UNUSED_FUNCTION = YES;
				GCC_WARN_UNUSED_VARIABLE = YES;
				IPHONEOS_DEPLOYMENT_TARGET = 12.0;
				MTL_ENABLE_DEBUG_INFO = INCLUDE_SOURCE;
				MTL_FAST_MATH = YES;
				ONLY_ACTIVE_ARCH = YES;
				SDKROOT = iphoneos;
				SWIFT_ACTIVE_COMPILATION_CONDITIONS = DEBUG;
				SWIFT_OPTIMIZATION_LEVEL = "-Onone";
			};
			name = Debug;
		};
		BDAE8A61218D9A2A00676DFA /* Release */ = {
			isa = XCBuildConfiguration;
			buildSettings = {
				ALWAYS_SEARCH_USER_PATHS = NO;
				CLANG_ANALYZER_NONNULL = YES;
				CLANG_ANALYZER_NUMBER_OBJECT_CONVERSION = YES_AGGRESSIVE;
				CLANG_CXX_LANGUAGE_STANDARD = "gnu++14";
				CLANG_CXX_LIBRARY = "libc++";
				CLANG_ENABLE_MODULES = YES;
				CLANG_ENABLE_OBJC_ARC = YES;
				CLANG_ENABLE_OBJC_WEAK = YES;
				CLANG_WARN_BLOCK_CAPTURE_AUTORELEASING = YES;
				CLANG_WARN_BOOL_CONVERSION = YES;
				CLANG_WARN_COMMA = YES;
				CLANG_WARN_CONSTANT_CONVERSION = YES;
				CLANG_WARN_DEPRECATED_OBJC_IMPLEMENTATIONS = YES;
				CLANG_WARN_DIRECT_OBJC_ISA_USAGE = YES_ERROR;
				CLANG_WARN_DOCUMENTATION_COMMENTS = YES;
				CLANG_WARN_EMPTY_BODY = YES;
				CLANG_WARN_ENUM_CONVERSION = YES;
				CLANG_WARN_INFINITE_RECURSION = YES;
				CLANG_WARN_INT_CONVERSION = YES;
				CLANG_WARN_NON_LITERAL_NULL_CONVERSION = YES;
				CLANG_WARN_OBJC_IMPLICIT_RETAIN_SELF = YES;
				CLANG_WARN_OBJC_LITERAL_CONVERSION = YES;
				CLANG_WARN_OBJC_ROOT_CLASS = YES_ERROR;
				CLANG_WARN_RANGE_LOOP_ANALYSIS = YES;
				CLANG_WARN_STRICT_PROTOTYPES = YES;
				CLANG_WARN_SUSPICIOUS_MOVE = YES;
				CLANG_WARN_UNGUARDED_AVAILABILITY = YES_AGGRESSIVE;
				CLANG_WARN_UNREACHABLE_CODE = YES;
				CLANG_WARN__DUPLICATE_METHOD_MATCH = YES;
				CODE_SIGN_IDENTITY = "iPhone Developer";
				COPY_PHASE_STRIP = NO;
				DEBUG_INFORMATION_FORMAT = "dwarf-with-dsym";
				ENABLE_NS_ASSERTIONS = NO;
				ENABLE_STRICT_OBJC_MSGSEND = YES;
				GCC_C_LANGUAGE_STANDARD = gnu11;
				GCC_NO_COMMON_BLOCKS = YES;
				GCC_WARN_64_TO_32_BIT_CONVERSION = YES;
				GCC_WARN_ABOUT_RETURN_TYPE = YES_ERROR;
				GCC_WARN_UNDECLARED_SELECTOR = YES;
				GCC_WARN_UNINITIALIZED_AUTOS = YES_AGGRESSIVE;
				GCC_WARN_UNUSED_FUNCTION = YES;
				GCC_WARN_UNUSED_VARIABLE = YES;
				IPHONEOS_DEPLOYMENT_TARGET = 12.0;
				MTL_ENABLE_DEBUG_INFO = NO;
				MTL_FAST_MATH = YES;
				SDKROOT = iphoneos;
				SWIFT_COMPILATION_MODE = wholemodule;
				SWIFT_OPTIMIZATION_LEVEL = "-O";
				VALIDATE_PRODUCT = YES;
			};
			name = Release;
		};
		BDAE8A63218D9A2A00676DFA /* Debug */ = {
			isa = XCBuildConfiguration;
			buildSettings = {
				ASSETCATALOG_COMPILER_APPICON_NAME = AppIcon;
				CODE_SIGN_STYLE = Automatic;
				INFOPLIST_FILE = CoreDataDemo/Info.plist;
				LD_RUNPATH_SEARCH_PATHS = (
					"$(inherited)",
					"@executable_path/Frameworks",
				);
				PRODUCT_BUNDLE_IDENTIFIER = com.manish.CoreDataDemo;
				PRODUCT_NAME = "$(TARGET_NAME)";
				SWIFT_VERSION = 4.2;
				TARGETED_DEVICE_FAMILY = "1,2";
			};
			name = Debug;
		};
		BDAE8A64218D9A2A00676DFA /* Release */ = {
			isa = XCBuildConfiguration;
			buildSettings = {
				ASSETCATALOG_COMPILER_APPICON_NAME = AppIcon;
				CODE_SIGN_STYLE = Automatic;
				INFOPLIST_FILE = CoreDataDemo/Info.plist;
				LD_RUNPATH_SEARCH_PATHS = (
					"$(inherited)",
					"@executable_path/Frameworks",
				);
				PRODUCT_BUNDLE_IDENTIFIER = com.manish.CoreDataDemo;
				PRODUCT_NAME = "$(TARGET_NAME)";
				SWIFT_VERSION = 4.2;
				TARGETED_DEVICE_FAMILY = "1,2";
			};
			name = Release;
		};
/* End XCBuildConfiguration section */

/* Begin XCConfigurationList section */
		BDAE8A48218D9A2800676DFA /* Build configuration list for PBXProject "CoreDataDemo" */ = {
			isa = XCConfigurationList;
			buildConfigurations = (
				BDAE8A60218D9A2A00676DFA /* Debug */,
				BDAE8A61218D9A2A00676DFA /* Release */,
			);
			defaultConfigurationIsVisible = 0;
			defaultConfigurationName = Release;
		};
		BDAE8A62218D9A2A00676DFA /* Build configuration list for PBXNativeTarget "CoreDataDemo" */ = {
			isa = XCConfigurationList;
			buildConfigurations = (
				BDAE8A63218D9A2A00676DFA /* Debug */,
				BDAE8A64218D9A2A00676DFA /* Release */,
			);
			defaultConfigurationIsVisible = 0;
			defaultConfigurationName = Release;
		};
/* End XCConfigurationList section */

/* Begin XCVersionGroup section */
		BDAE8A57218D9A2900676DFA /* CoreDataDemo.xcdatamodeld */ = {
			isa = XCVersionGroup;
			children = (
				BDAE8A58218D9A2900676DFA /* CoreDataDemo.xcdatamodel */,
			);
			currentVersion = BDAE8A58218D9A2900676DFA /* CoreDataDemo.xcdatamodel */;
			path = CoreDataDemo.xcdatamodeld;
			sourceTree = "<group>";
			versionGroupType = wrapper.xcdatamodel;
		};
/* End XCVersionGroup section */
	};
	rootObject = BDAE8A45218D9A2800676DFA /* Project object */;
}
